
Microsoft Visual Studio Solution File, Format Version 12.00
# Visual Studio 15
Project("{FAE04EC0-301F-11D3-BF4B-00C04F79EFBC}") = "Assembly-CSharp", "Assembly-CSharp.csproj", "{63CC5FBB-62E0-FB2A-1A28-04BE09F69A16}"
EndProject
Project("{FAE04EC0-301F-11D3-BF4B-00C04F79EFBC}") = "NavMeshComponents", "NavMeshComponents.csproj", "{51F34343-E80F-6AF8-DDAE-6240CC0D8FA1}"
EndProject
Project("{FAE04EC0-301F-11D3-BF4B-00C04F79EFBC}") = "NavMeshComponentsEditor", "NavMeshComponentsEditor.csproj", "{FE6B93C2-8FC1-F9D6-7EA1-18272FC25D7E}"
EndProject
Global
	GlobalSection(SolutionConfigurationPlatforms) = preSolution
		Debug|Any CPU = Debug|Any CPU
		Release|Any CPU = Release|Any CPU
	EndGlobalSection
	GlobalSection(ProjectConfigurationPlatforms) = postSolution
		{63CC5FBB-62E0-FB2A-1A28-04BE09F69A16}.Debug|Any CPU.ActiveCfg = Debug|Any CPU
		{63CC5FBB-62E0-FB2A-1A28-04BE09F69A16}.Debug|Any CPU.Build.0 = Debug|Any CPU
		{63CC5FBB-62E0-FB2A-1A28-04BE09F69A16}.Release|Any CPU.ActiveCfg = Release|Any CPU
		{63CC5FBB-62E0-FB2A-1A28-04BE09F69A16}.Release|Any CPU.Build.0 = Release|Any CPU
		{51F34343-E80F-6AF8-DDAE-6240CC0D8FA1}.Debug|Any CPU.ActiveCfg = Debug|Any CPU
		{51F34343-E80F-6AF8-DDAE-6240CC0D8FA1}.Debug|Any CPU.Build.0 = Debug|Any CPU
		{51F34343-E80F-6AF8-DDAE-6240CC0D8FA1}.Release|Any CPU.ActiveCfg = Release|Any CPU
		{51F34343-E80F-6AF8-DDAE-6240CC0D8FA1}.Release|Any CPU.Build.0 = Release|Any CPU
		{FE6B93C2-8FC1-F9D6-7EA1-18272FC25D7E}.Debug|Any CPU.ActiveCfg = Debug|Any CPU
		{FE6B93C2-8FC1-F9D6-7EA1-18272FC25D7E}.Debug|Any CPU.Build.0 = Debug|Any CPU
		{FE6B93C2-8FC1-F9D6-7EA1-18272FC25D7E}.Release|Any CPU.ActiveCfg = Release|Any CPU
		{FE6B93C2-8FC1-F9D6-7EA1-18272FC25D7E}.Release|Any CPU.Build.0 = Release|Any CPU
	EndGlobalSection
	GlobalSection(SolutionProperties) = preSolution
		HideSolutionNode = FALSE
	EndGlobalSection
EndGlobal
